// !$*UTF8*$!
{
	archiveVersion = 1;
	classes = {
	};
	objectVersion = 110;
	objects = {

/* Begin PBXContainerItemProxy section */
		E9879FD8306A0FC500F6B491 /* PBXContainerItemProxy */ = {
			isa = PBXContainerItemProxy;
			containerPortal = E9879FC2306A0FC500F6B491 /* Project object */;
			proxyType = 1;
			remoteGlobalIDString = E9879FC9306A0FC500F6B491;
			remoteInfo = GitWorktreeCleaner;
		};
		E9879FE2306A0FC500F6B491 /* PBXContainerItemProxy */ = {
			isa = PBXContainerItemProxy;
			containerPortal = E9879FC2306A0FC500F6B491 /* Project object */;
			proxyType = 1;
			remoteGlobalIDString = E9879FC9306A0FC500F6B491;
			remoteInfo = GitWorktreeCleaner;
		};
/* End PBXContainerItemProxy section */

/* Begin PBXFileReference section */
		E9879FCA306A0FC500F6B491 /* GitWorktreeCleaner.app */ = {isa = PBXFileReference; explicitFileType = wrapper.application; includeInIndex = 0; path = GitWorktreeCleaner.app; sourceTree = BUILT_PRODUCTS_DIR; };
		E9879FD7306A0FC500F6B491 /* GitWorktreeCleanerTests.xctest */ = {isa = PBXFileReference; explicitFileType = wrapper.cfbundle; includeInIndex = 0; path = GitWorktreeCleanerTests.xctest; sourceTree = BUILT_PRODUCTS_DIR; };
		E9879FE1306A0FC500F6B491 /* GitWorktreeCleanerUITests.xctest */ = {isa = PBXFileReference; explicitFileType = wrapper.cfbundle; includeInIndex = 0; path = GitWorktreeCleanerUITests.xctest; sourceTree = BUILT_PRODUCTS_DIR; };
/* End PBXFileReference section */

/* Begin PBXFileSystemSynchronizedRootGroup section */
		E9879FCC306A0FC500F6B491 /* GitWorktreeCleaner */ = {
			isa = PBXFileSystemSynchronizedRootGroup;
			path = GitWorktreeCleaner;
			sourceTree = "<group>";
		};
		E9879FDA306A0FC500F6B491 /* GitWorktreeCleanerTests */ = {
			isa = PBXFileSystemSynchronizedRootGroup;
			path = GitWorktreeCleanerTests;
			sourceTree = "<group>";
		};
		E9879FE4306A0FC500F6B491 /* GitWorktreeCleanerUITests */ = {
			isa = PBXFileSystemSynchronizedRootGroup;
			path = GitWorktreeCleanerUITests;
			sourceTree = "<group>";
		};
/* End PBXFileSystemSynchronizedRootGroup section */

/* Begin PBXFrameworksBuildPhase section */
		E9879FC7306A0FC500F6B491 /* Frameworks */ = {
			isa = PBXFrameworksBuildPhase;
			files = (
			);
		};
		E9879FD4306A0FC500F6B491 /* Frameworks */ = {
			isa = PBXFrameworksBuildPhase;
			files = (
			);
		};
		E9879FDE306A0FC500F6B491 /* Frameworks */ = {
			isa = PBXFrameworksBuildPhase;
			files = (
			);
		};
/* End PBXFrameworksBuildPhase section */

/* Begin PBXGroup section */
		E9879FC1306A0FC500F6B491 = {
			isa = PBXGroup;
			children = (
				E9879FCC306A0FC500F6B491 /* GitWorktreeCleaner */,
				E9879FDA306A0FC500F6B491 /* GitWorktreeCleanerTests */,
				E9879FE4306A0FC500F6B491 /* GitWorktreeCleanerUITests */,
				E9879FCB306A0FC500F6B491 /* Products */,
			);
			sourceTree = "<group>";
		};
		E9879FCB306A0FC500F6B491 /* Products */ = {
			isa = PBXGroup;
			children = (
				E9879FCA306A0FC500F6B491 /* GitWorktreeCleaner.app */,
				E9879FD7306A0FC500F6B491 /* GitWorktreeCleanerTests.xctest */,
				E9879FE1306A0FC500F6B491 /* GitWorktreeCleanerUITests.xctest */,
			);
			name = Products;
			sourceTree = "<group>";
		};
/* End PBXGroup section */

/* Begin PBXNativeTarget section */
		E9879FC9306A0FC500F6B491 /* GitWorktreeCleaner */ = {
			isa = PBXNativeTarget;
			buildConfigurationList = E9879FE9306A0FC500F6B491 /* Build configuration list for PBXNativeTarget "GitWorktreeCleaner" */;
			buildPhases = (
				E9879FC6306A0FC500F6B491 /* Sources */,
				E9879FC7306A0FC500F6B491 /* Frameworks */,
				E9879FC8306A0FC500F6B491 /* Resources */,
			);
			buildRules = (
			);
			fileSystemSynchronizedGroups = (
				E9879FCC306A0FC500F6B491 /* GitWorktreeCleaner */,
			);
			name = GitWorktreeCleaner;
			productName = GitWorktreeCleaner;
			productReference = E9879FCA306A0FC500F6B491 /* GitWorktreeCleaner.app */;
			productType = "com.apple.product-type.application";
		};
		E9879FD6306A0FC500F6B491 /* GitWorktreeCleanerTests */ = {
			isa = PBXNativeTarget;
			buildConfigurationList = E9879FEC306A0FC500F6B491 /* Build configuration list for PBXNativeTarget "GitWorktreeCleanerTests" */;
			buildPhases = (
				E9879FD3306A0FC500F6B491 /* Sources */,
				E9879FD4306A0FC500F6B491 /* Frameworks */,
				E9879FD5306A0FC500F6B491 /* Resources */,
			);
			buildRules = (
			);
			dependencies = (
				E9879FD9306A0FC500F6B491 /* PBXTargetDependency */,
			);
			fileSystemSynchronizedGroups = (
				E9879FDA306A0FC500F6B491 /* GitWorktreeCleanerTests */,
			);
			name = GitWorktreeCleanerTests;
			productName = GitWorktreeCleanerTests;
			productReference = E9879FD7306A0FC500F6B491 /* GitWorktreeCleanerTests.xctest */;
			productType = "com.apple.product-type.bundle.unit-test";
		};
		E9879FE0306A0FC500F6B491 /* GitWorktreeCleanerUITests */ = {
			isa = PBXNativeTarget;
			buildConfigurationList = E9879FEF306A0FC500F6B491 /* Build configuration list for PBXNativeTarget "GitWorktreeCleanerUITests" */;
			buildPhases = (
				E9879FDD306A0FC500F6B491 /* Sources */,
				E9879FDE306A0FC500F6B491 /* Frameworks */,
				E9879FDF306A0FC500F6B491 /* Resources */,
			);
			buildRules = (
			);
			dependencies = (
				E9879FE3306A0FC500F6B491 /* PBXTargetDependency */,
			);
			fileSystemSynchronizedGroups = (
				E9879FE4306A0FC500F6B491 /* GitWorktreeCleanerUITests */,
			);
			name = GitWorktreeCleanerUITests;
			productName = GitWorktreeCleanerUITests;
			productReference = E9879FE1306A0FC500F6B491 /* GitWorktreeCleanerUITests.xctest */;
			productType = "com.apple.product-type.bundle.ui-testing";
		};
/* End PBXNativeTarget section */

/* Begin PBXProject section */
		E9879FC2306A0FC500F6B491 /* Project object */ = {
			isa = PBXProject;
			attributes = {
				BuildIndependentTargetsInParallel = 1;
				LastSwiftUpdateCheck = 2700;
				LastUpgradeCheck = 2700;
				TargetAttributes = {
					E9879FC9306A0FC500F6B491 = {
						CreatedOnToolsVersion = 27.0;
					};
					E9879FD6306A0FC500F6B491 = {
						CreatedOnToolsVersion = 27.0;
						TestTargetID = E9879FC9306A0FC500F6B491;
					};
					E9879FE0306A0FC500F6B491 = {
						CreatedOnToolsVersion = 27.0;
						TestTargetID = E9879FC9306A0FC500F6B491;
					};
				};
			};
			buildConfigurationList = E9879FC5306A0FC500F6B491 /* Build configuration list for PBXProject "GitWorktreeCleaner" */;
			developmentRegion = en;
			hasScannedForEncodings = 0;
			knownRegions = (
				en,
				Base,
			);
			mainGroup = E9879FC1306A0FC500F6B491;
			minimizedProjectReferenceProxies = 1;
			preferredProjectObjectVersion = 77;
			productRefGroup = E9879FCB306A0FC500F6B491 /* Products */;
			projectDirPath = "";
			projectRoot = "";
			targets = (
				E9879FC9306A0FC500F6B491 /* GitWorktreeCleaner */,
				E9879FD6306A0FC500F6B491 /* GitWorktreeCleanerTests */,
				E9879FE0306A0FC500F6B491 /* GitWorktreeCleanerUITests */,
			);
		};
/* End PBXProject section */

/* Begin PBXResourcesBuildPhase section */
		E9879FC8306A0FC500F6B491 /* Resources */ = {
			isa = PBXResourcesBuildPhase;
			files = (
			);
		};
		E9879FD5306A0FC500F6B491 /* Resources */ = {
			isa = PBXResourcesBuildPhase;
			files = (
			);
		};
		E9879FDF306A0FC500F6B491 /* Resources */ = {
			isa = PBXResourcesBuildPhase;
			files = (
			);
		};
/* End PBXResourcesBuildPhase section */

/* Begin PBXSourcesBuildPhase section */
		E9879FC6306A0FC500F6B491 /* Sources */ = {
			isa = PBXSourcesBuildPhase;
			files = (
			);
		};
		E9879FD3306A0FC500F6B491 /* Sources */ = {
			isa = PBXSourcesBuildPhase;
			files = (
			);
		};
		E9879FDD306A0FC500F6B491 /* Sources */ = {
			isa = PBXSourcesBuildPhase;
			files = (
			);
		};
/* End PBXSourcesBuildPhase section */

/* Begin PBXTargetDependency section */
		E9879FD9306A0FC500F6B491 /* PBXTargetDependency */ = {
			isa = PBXTargetDependency;
			target = E9879FC9306A0FC500F6B491 /* GitWorktreeCleaner */;
			targetProxy = E9879FD8306A0FC500F6B491 /* PBXContainerItemProxy */;
		};
		E9879FE3306A0FC500F6B491 /* PBXTargetDependency */ = {
			isa = PBXTargetDependency;
			target = E9879FC9306A0FC500F6B491 /* GitWorktreeCleaner */;
			targetProxy = E9879FE2306A0FC500F6B491 /* PBXContainerItemProxy */;
		};
/* End PBXTargetDependency section */

/* Begin XCBuildConfiguration section */
		E9879FE7306A0FC500F6B491 /* Debug configuration for PBXProject "GitWorktreeCleaner" */ = {
			isa = XCBuildConfiguration;
			buildSettings = {
				ALWAYS_SEARCH_USER_PATHS = NO;
				ASSETCATALOG_COMPILER_GENERATE_SWIFT_ASSET_SYMBOL_EXTENSIONS = YES;
				CLANG_ANALYZER_NONNULL = YES;
				CLANG_ANALYZER_NUMBER_OBJECT_CONVERSION = YES_AGGRESSIVE;
				CLANG_CXX_LANGUAGE_STANDARD = "gnu++20";
				CLANG_ENABLE_MODULES = YES;
				CLANG_ENABLE_OBJC_ARC = YES;
				CLANG_ENABLE_OBJC_WEAK = YES;
				CLANG_WARN_BLOCK_CAPTURE_AUTORELEASING = YES;
				CLANG_WARN_BOOL_CONVERSION = YES;
				CLANG_WARN_COMMA = YES;
				CLANG_WARN_CONSTANT_CONVERSION = YES;
				CLANG_WARN_DEPRECATED_OBJC_IMPLEMENTATIONS = YES;
				CLANG_WARN_DIRECT_OBJC_ISA_USAGE = YES_ERROR;
				CLANG_WARN_DOCUMENTATION_COMMENTS = YES;
				CLANG_WARN_EMPTY_BODY = YES;
				CLANG_WARN_ENUM_CONVERSION = YES;
				CLANG_WARN_INFINITE_RECURSION = YES;
				CLANG_WARN_INT_CONVERSION = YES;
				CLANG_WARN_NON_LITERAL_NULL_CONVERSION = YES;
				CLANG_WARN_OBJC_IMPLICIT_RETAIN_SELF = YES;
				CLANG_WARN_OBJC_LITERAL_CONVERSION = YES;
				CLANG_WARN_OBJC_ROOT_CLASS = YES_ERROR;
				CLANG_WARN_QUOTED_INCLUDE_IN_FRAMEWORK_HEADER = YES;
				CLANG_WARN_RANGE_LOOP_ANALYSIS = YES;
				CLANG_WARN_STRICT_PROTOTYPES = YES;
				CLANG_WARN_SUSPICIOUS_MOVE = YES;
				CLANG_WARN_UNGUARDED_AVAILABILITY = YES_AGGRESSIVE;
				CLANG_WARN_UNREACHABLE_CODE = YES;
				CLANG_WARN__DUPLICATE_METHOD_MATCH = YES;
				COPY_PHASE_STRIP = NO;
				DEBUG_INFORMATION_FORMAT = dwarf;
				DEVELOPMENT_TEAM = EX674L8SA3;
				ENABLE_STRICT_OBJC_MSGSEND = YES;
				ENABLE_TESTABILITY = YES;
				ENABLE_USER_SCRIPT_SANDBOXING = YES;
				GCC_C_LANGUAGE_STANDARD = gnu17;
				GCC_DYNAMIC_NO_PIC = NO;
				GCC_NO_COMMON_BLOCKS = YES;
				GCC_OPTIMIZATION_LEVEL = 0;
				GCC_PREPROCESSOR_DEFINITIONS = (
					"DEBUG=1",
					"$(inherited)",
				);
				GCC_WARN_64_TO_32_BIT_CONVERSION = YES;
				GCC_WARN_ABOUT_RETURN_TYPE = YES_ERROR;
				GCC_WARN_UNDECLARED_SELECTOR = YES;
				GCC_WARN_UNINITIALIZED_AUTOS = YES_AGGRESSIVE;
				GCC_WARN_UNUSED_FUNCTION = YES;
				GCC_WARN_UNUSED_VARIABLE = YES;
				LOCALIZATION_PREFERS_STRING_CATALOGS = YES;
				MTL_ENABLE_DEBUG_INFO = INCLUDE_SOURCE;
				MTL_FAST_MATH = YES;
				ONLY_ACTIVE_ARCH = YES;
				SWIFT_ACTIVE_COMPILATION_CONDITIONS = "DEBUG $(inherited)";
				SWIFT_OPTIMIZATION_LEVEL = "-Onone";
			};
			name = Debug;
		};
		E9879FE8306A0FC500F6B491 /* Release configuration for PBXProject "GitWorktreeCleaner" */ = {
			isa = XCBuildConfiguration;
			buildSettings = {
				ALWAYS_SEARCH_USER_PATHS = NO;
				ASSETCATALOG_COMPILER_GENERATE_SWIFT_ASSET_SYMBOL_EXTENSIONS = YES;
				CLANG_ANALYZER_NONNULL = YES;
				CLANG_ANALYZER_NUMBER_OBJECT_CONVERSION = YES_AGGRESSIVE;
				CLANG_CXX_LANGUAGE_STANDARD = "gnu++20";
				CLANG_ENABLE_MODULES = YES;
				CLANG_ENABLE_OBJC_ARC = YES;
				CLANG_ENABLE_OBJC_WEAK = YES;
				CLANG_WARN_BLOCK_CAPTURE_AUTORELEASING = YES;
				CLANG_WARN_BOOL_CONVERSION = YES;
				CLANG_WARN_COMMA = YES;
				CLANG_WARN_CONSTANT_CONVERSION = YES;
				CLANG_WARN_DEPRECATED_OBJC_IMPLEMENTATIONS = YES;
				CLANG_WARN_DIRECT_OBJC_ISA_USAGE = YES_ERROR;
				CLANG_WARN_DOCUMENTATION_COMMENTS = YES;
				CLANG_WARN_EMPTY_BODY = YES;
				CLANG_WARN_ENUM_CONVERSION = YES;
				CLANG_WARN_INFINITE_RECURSION = YES;
				CLANG_WARN_INT_CONVERSION = YES;
				CLANG_WARN_NON_LITERAL_NULL_CONVERSION = YES;
				CLANG_WARN_OBJC_IMPLICIT_RETAIN_SELF = YES;
				CLANG_WARN_OBJC_LITERAL_CONVERSION = YES;
				CLANG_WARN_OBJC_ROOT_CLASS = YES_ERROR;
				CLANG_WARN_QUOTED_INCLUDE_IN_FRAMEWORK_HEADER = YES;
				CLANG_WARN_RANGE_LOOP_ANALYSIS = YES;
				CLANG_WARN_STRICT_PROTOTYPES = YES;
				CLANG_WARN_SUSPICIOUS_MOVE = YES;
				CLANG_WARN_UNGUARDED_AVAILABILITY = YES_AGGRESSIVE;
				CLANG_WARN_UNREACHABLE_CODE = YES;
				CLANG_WARN__DUPLICATE_METHOD_MATCH = YES;
				COPY_PHASE_STRIP = NO;
				DEBUG_INFORMATION_FORMAT = "dwarf-with-dsym";
				DEVELOPMENT_TEAM = EX674L8SA3;
				ENABLE_NS_ASSERTIONS = NO;
				ENABLE_STRICT_OBJC_MSGSEND = YES;
				ENABLE_USER_SCRIPT_SANDBOXING = YES;
				GCC_C_LANGUAGE_STANDARD = gnu17;
				GCC_NO_COMMON_BLOCKS = YES;
				GCC_WARN_64_TO_32_BIT_CONVERSION = YES;
				GCC_WARN_ABOUT_RETURN_TYPE = YES_ERROR;
				GCC_WARN_UNDECLARED_SELECTOR = YES;
				GCC_WARN_UNINITIALIZED_AUTOS = YES_AGGRESSIVE;
				GCC_WARN_UNUSED_FUNCTION = YES;
				GCC_WARN_UNUSED_VARIABLE = YES;
				LOCALIZATION_PREFERS_STRING_CATALOGS = YES;
				MTL_ENABLE_DEBUG_INFO = NO;
				MTL_FAST_MATH = YES;
				SWIFT_COMPILATION_MODE = wholemodule;
			};
			name = Release;
		};
		E9879FEA306A0FC500F6B491 /* Debug configuration for PBXNativeTarget "GitWorktreeCleaner" */ = {
			isa = XCBuildConfiguration;
			buildSettings = {
				ASSETCATALOG_COMPILER_APPICON_NAME = AppIcon;
				ASSETCATALOG_COMPILER_GLOBAL_ACCENT_COLOR_NAME = AccentColor;
				ASSETCATALOG_COMPILER_INCLUDE_ALL_APPICON_ASSETS = YES;
				CODE_SIGN_STYLE = Automatic;
				CURRENT_PROJECT_VERSION = 1;
				DEVELOPMENT_TEAM = EX674L8SA3;
				ENABLE_APP_SANDBOX = NO;
				ENABLE_HARDENED_RUNTIME = YES;
				ENABLE_PREVIEWS = YES;
				GENERATE_INFOPLIST_FILE = YES;
				LD_RUNPATH_SEARCH_PATHS = "@executable_path/../Frameworks";
				MACOSX_DEPLOYMENT_TARGET = 27.0;
				MARKETING_VERSION = 1.0;
				PRODUCT_BUNDLE_IDENTIFIER = com.min.GitWorktreeCleaner;
				PRODUCT_NAME = "$(TARGET_NAME)";
				SDKROOT = macosx;
				STRING_CATALOG_GENERATE_SYMBOLS = YES;
				SUPPORTED_PLATFORMS = macosx;
				SWIFT_APPROACHABLE_CONCURRENCY = YES;
				SWIFT_DEFAULT_ACTOR_ISOLATION = MainActor;
				SWIFT_EMIT_LOC_STRINGS = YES;
				SWIFT_UPCOMING_FEATURE_MEMBER_IMPORT_VISIBILITY = YES;
				SWIFT_VERSION = 5.0;
			};
			name = Debug;
		};
		E9879FEB306A0FC500F6B491 /* Release configuration for PBXNativeTarget "GitWorktreeCleaner" */ = {
			isa = XCBuildConfiguration;
			buildSettings = {
				ASSETCATALOG_COMPILER_APPICON_NAME = AppIcon;
				ASSETCATALOG_COMPILER_GLOBAL_ACCENT_COLOR_NAME = AccentColor;
				ASSETCATALOG_COMPILER_INCLUDE_ALL_APPICON_ASSETS = YES;
				CODE_SIGN_STYLE = Automatic;
				CURRENT_PROJECT_VERSION = 1;
				DEVELOPMENT_TEAM = EX674L8SA3;
				ENABLE_APP_SANDBOX = NO;
				ENABLE_HARDENED_RUNTIME = YES;
				ENABLE_PREVIEWS = YES;
				GENERATE_INFOPLIST_FILE = YES;
				LD_RUNPATH_SEARCH_PATHS = "@executable_path/../Frameworks";
				MACOSX_DEPLOYMENT_TARGET = 27.0;
				MARKETING_VERSION = 1.0;
				PRODUCT_BUNDLE_IDENTIFIER = com.min.GitWorktreeCleaner;
				PRODUCT_NAME = "$(TARGET_NAME)";
				SDKROOT = macosx;
				STRING_CATALOG_GENERATE_SYMBOLS = YES;
				SUPPORTED_PLATFORMS = macosx;
				SWIFT_APPROACHABLE_CONCURRENCY = YES;
				SWIFT_DEFAULT_ACTOR_ISOLATION = MainActor;
				SWIFT_EMIT_LOC_STRINGS = YES;
				SWIFT_UPCOMING_FEATURE_MEMBER_IMPORT_VISIBILITY = YES;
				SWIFT_VERSION = 5.0;
			};
			name = Release;
		};
		E9879FED306A0FC500F6B491 /* Debug configuration for PBXNativeTarget "GitWorktreeCleanerTests" */ = {
			isa = XCBuildConfiguration;
			buildSettings = {
				BUNDLE_LOADER = "$(TEST_HOST)";
				CODE_SIGN_STYLE = Automatic;
				CURRENT_PROJECT_VERSION = 1;
				DEVELOPMENT_TEAM = EX674L8SA3;
				GENERATE_INFOPLIST_FILE = YES;
				MACOSX_DEPLOYMENT_TARGET = 27.0;
				MARKETING_VERSION = 1.0;
				PRODUCT_BUNDLE_IDENTIFIER = com.min.GitWorktreeCleanerTests;
				PRODUCT_NAME = "$(TARGET_NAME)";
				SDKROOT = macosx;
				STRING_CATALOG_GENERATE_SYMBOLS = NO;
				SUPPORTED_PLATFORMS = macosx;
				SWIFT_APPROACHABLE_CONCURRENCY = YES;
				SWIFT_EMIT_LOC_STRINGS = NO;
				SWIFT_UPCOMING_FEATURE_MEMBER_IMPORT_VISIBILITY = YES;
				SWIFT_VERSION = 5.0;
				TEST_HOST = "$(BUILT_PRODUCTS_DIR)/GitWorktreeCleaner.app/$(BUNDLE_EXECUTABLE_FOLDER_PATH)/GitWorktreeCleaner";
			};
			name = Debug;
		};
		E9879FEE306A0FC500F6B491 /* Release configuration for PBXNativeTarget "GitWorktreeCleanerTests" */ = {
			isa = XCBuildConfiguration;
			buildSettings = {
				BUNDLE_LOADER = "$(TEST_HOST)";
				CODE_SIGN_STYLE = Automatic;
				CURRENT_PROJECT_VERSION = 1;
				DEVELOPMENT_TEAM = EX674L8SA3;
				GENERATE_INFOPLIST_FILE = YES;
				MACOSX_DEPLOYMENT_TARGET = 27.0;
				MARKETING_VERSION = 1.0;
				PRODUCT_BUNDLE_IDENTIFIER = com.min.GitWorktreeCleanerTests;
				PRODUCT_NAME = "$(TARGET_NAME)";
				SDKROOT = macosx;
				STRING_CATALOG_GENERATE_SYMBOLS = NO;
				SUPPORTED_PLATFORMS = macosx;
				SWIFT_APPROACHABLE_CONCURRENCY = YES;
				SWIFT_EMIT_LOC_STRINGS = NO;
				SWIFT_UPCOMING_FEATURE_MEMBER_IMPORT_VISIBILITY = YES;
				SWIFT_VERSION = 5.0;
				TEST_HOST = "$(BUILT_PRODUCTS_DIR)/GitWorktreeCleaner.app/$(BUNDLE_EXECUTABLE_FOLDER_PATH)/GitWorktreeCleaner";
			};
			name = Release;
		};
		E9879FF0306A0FC500F6B491 /* Debug configuration for PBXNativeTarget "GitWorktreeCleanerUITests" */ = {
			isa = XCBuildConfiguration;
			buildSettings = {
				CODE_SIGN_STYLE = Automatic;
				CURRENT_PROJECT_VERSION = 1;
				DEVELOPMENT_TEAM = EX674L8SA3;
				GENERATE_INFOPLIST_FILE = YES;
				MACOSX_DEPLOYMENT_TARGET = 27.0;
				MARKETING_VERSION = 1.0;
				PRODUCT_BUNDLE_IDENTIFIER = com.min.GitWorktreeCleanerUITests;
				PRODUCT_NAME = "$(TARGET_NAME)";
				SDKROOT = macosx;
				STRING_CATALOG_GENERATE_SYMBOLS = NO;
				SUPPORTED_PLATFORMS = macosx;
				SWIFT_APPROACHABLE_CONCURRENCY = YES;
				SWIFT_EMIT_LOC_STRINGS = NO;
				SWIFT_UPCOMING_FEATURE_MEMBER_IMPORT_VISIBILITY = YES;
				SWIFT_VERSION = 5.0;
				TEST_TARGET_NAME = GitWorktreeCleaner;
			};
			name = Debug;
		};
		E9879FF1306A0FC500F6B491 /* Release configuration for PBXNativeTarget "GitWorktreeCleanerUITests" */ = {
			isa = XCBuildConfiguration;
			buildSettings = {
				CODE_SIGN_STYLE = Automatic;
				CURRENT_PROJECT_VERSION = 1;
				DEVELOPMENT_TEAM = EX674L8SA3;
				GENERATE_INFOPLIST_FILE = YES;
				MACOSX_DEPLOYMENT_TARGET = 27.0;
				MARKETING_VERSION = 1.0;
				PRODUCT_BUNDLE_IDENTIFIER = com.min.GitWorktreeCleanerUITests;
				PRODUCT_NAME = "$(TARGET_NAME)";
				SDKROOT = macosx;
				STRING_CATALOG_GENERATE_SYMBOLS = NO;
				SUPPORTED_PLATFORMS = macosx;
				SWIFT_APPROACHABLE_CONCURRENCY = YES;
				SWIFT_EMIT_LOC_STRINGS = NO;
				SWIFT_UPCOMING_FEATURE_MEMBER_IMPORT_VISIBILITY = YES;
				SWIFT_VERSION = 5.0;
				TEST_TARGET_NAME = GitWorktreeCleaner;
			};
			name = Release;
		};
/* End XCBuildConfiguration section */

/* Begin XCConfigurationList section */
		E9879FC5306A0FC500F6B491 /* Build configuration list for PBXProject "GitWorktreeCleaner" */ = {
			isa = XCConfigurationList;
			buildConfigurations = (
				E9879FE7306A0FC500F6B491 /* Debug configuration for PBXProject "GitWorktreeCleaner" */,
				E9879FE8306A0FC500F6B491 /* Release configuration for PBXProject "GitWorktreeCleaner" */,
			);
			defaultConfigurationName = Release;
		};
		E9879FE9306A0FC500F6B491 /* Build configuration list for PBXNativeTarget "GitWorktreeCleaner" */ = {
			isa = XCConfigurationList;
			buildConfigurations = (
				E9879FEA306A0FC500F6B491 /* Debug configuration for PBXNativeTarget "GitWorktreeCleaner" */,
				E9879FEB306A0FC500F6B491 /* Release configuration for PBXNativeTarget "GitWorktreeCleaner" */,
			);
			defaultConfigurationName = Release;
		};
		E9879FEC306A0FC500F6B491 /* Build configuration list for PBXNativeTarget "GitWorktreeCleanerTests" */ = {
			isa = XCConfigurationList;
			buildConfigurations = (
				E9879FED306A0FC500F6B491 /* Debug configuration for PBXNativeTarget "GitWorktreeCleanerTests" */,
				E9879FEE306A0FC500F6B491 /* Release configuration for PBXNativeTarget "GitWorktreeCleanerTests" */,
			);
			defaultConfigurationName = Release;
		};
		E9879FEF306A0FC500F6B491 /* Build configuration list for PBXNativeTarget "GitWorktreeCleanerUITests" */ = {
			isa = XCConfigurationList;
			buildConfigurations = (
				E9879FF0306A0FC500F6B491 /* Debug configuration for PBXNativeTarget "GitWorktreeCleanerUITests" */,
				E9879FF1306A0FC500F6B491 /* Release configuration for PBXNativeTarget "GitWorktreeCleanerUITests" */,
			);
			defaultConfigurationName = Release;
		};
/* End XCConfigurationList section */
	};
	rootObject = E9879FC2306A0FC500F6B491 /* Project object */;
	validationLevel = 1;
}
